
Microsoft Visual Studio Solution File, Format Version 12.00
# Visual Studio Version 17
VisualStudioVersion = 17.8.34511.84
MinimumVisualStudioVersion = 10.0.40219.1
Project("{FAE04EC0-301F-11D3-BF4B-00C04F79EFBC}") = "BackedDeveloperAlgorithmProject", "BackedDeveloperAlgorithmProject\BackedDeveloperAlgorithmProject.csproj", "{55CAFB55-5812-4F52-B121-4ABAD9F9A621}"
EndProject
Global
	GlobalSection(SolutionConfigurationPlatforms) = preSolution
		Debug|Any CPU = Debug|Any CPU
		Release|Any CPU = Release|Any CPU
	EndGlobalSection
	GlobalSection(ProjectConfigurationPlatforms) = postSolution
		{55CAFB55-5812-4F52-B121-4ABAD9F9A621}.Debug|Any CPU.ActiveCfg = Debug|Any CPU
		{55CAFB55-5812-4F52-B121-4ABAD9F9A621}.Debug|Any CPU.Build.0 = Debug|Any CPU
		{55CAFB55-5812-4F52-B121-4ABAD9F9A621}.Release|Any CPU.ActiveCfg = Release|Any CPU
		{55CAFB55-5812-4F52-B121-4ABAD9F9A621}.Release|Any CPU.Build.0 = Release|Any CPU
	EndGlobalSection
	GlobalSection(SolutionProperties) = preSolution
		HideSolutionNode = FALSE
	EndGlobalSection
	GlobalSection(ExtensibilityGlobals) = postSolution
		SolutionGuid = {7F196992-CB25-4A16-B49A-D1243A8FB69B}
	EndGlobalSection
EndGlobal
